PODS:
  - ProductCore (0.1.0):
    - Typhoon
  - ThemeProduct (0.1.0):
    - ProductCore
    - Typhoon
  - Typhoon (1.8.0):
    - Typhoon/no-arc
  - Typhoon/no-arc (1.8.0)
  - TyphoonViewControllers (0.1.0):
    - ProductCore
    - Typhoon

DEPENDENCIES:
  - ProductCore (from `Submodules/ProductCore/ProductCore.podspec`)
  - ThemeProduct (from `Submodules/ProductTheme/ThemeProduct.podspec`)
  - TyphoonViewControllers (from `Submodules/TyphoonViewControllers/TyphoonViewControllers.podspec`)

EXTERNAL SOURCES:
  ProductCore:
    :path: Submodules/ProductCore/ProductCore.podspec
  ThemeProduct:
    :path: Submodules/ProductTheme/ThemeProduct.podspec
  TyphoonViewControllers:
    :path: Submodules/TyphoonViewControllers/TyphoonViewControllers.podspec

SPEC CHECKSUMS:
  ProductCore: 469bf981331fbab75a778ea0a65524189813333d
  ThemeProduct: 37b5862e624ee825cfb389d537b264cc150244d3
  Typhoon: 15463de5bb1d5b65d7d59e4a85414002cd2da937
  TyphoonViewControllers: 8c398e5611f7ef21518b1ed5ff0a75d15e11ceb0

COCOAPODS: 0.29.0
