<?xml version="1.0" encoding="UTF-8"?>
<Scheme
   version = "1.3">
   <BuildAction>
      <BuildActionEntries>
         <BuildActionEntry
            buildForRunning = "YES">
            <BuildableReference
               BuildableIdentifier = "primary"
               BlueprintIdentifier = "49F44A8477EA8678ACF8C48A"
               BuildableName = "DependencyInjectionTyphoon.app"
               BlueprintName = "DependencyInjectionTyphoon"
               ReferencedContainer = "container:DependencyInjectionTyphoon.xcodeproj">
            </BuildableReference>
         </BuildActionEntry>
      </BuildActionEntries>
   </BuildAction>
   <LaunchAction
      useCustomWorkingDirectory = "NO"
      buildConfiguration = "Debug">
      <BuildableProductRunnable>
         <BuildableReference
            BuildableIdentifier = "primary"
            BlueprintIdentifier = "49F44A8477EA8678ACF8C48A"
            BuildableName = "DependencyInjectionTyphoon.app"
            BlueprintName = "DependencyInjectionTyphoon"
            ReferencedContainer = "container:DependencyInjectionTyphoon.xcodeproj">
         </BuildableReference>
      </BuildableProductRunnable>
   </LaunchAction>
</Scheme>
